
Microsoft Visual Studio Solution File, Format Version 12.00
# Visual Studio Version 16
VisualStudioVersion = 16.0.29613.14
MinimumVisualStudioVersion = 10.0.40219.1
Project("{FAE04EC0-301F-11D3-BF4B-00C04F79EFBC}") = "PrimerParcialAP2", "PrimerParcialAP2.csproj", "{33CF5653-52C1-4F1C-90E4-0CF30EBDFE5E}"
EndProject
Global
	GlobalSection(SolutionConfigurationPlatforms) = preSolution
		Debug|Any CPU = Debug|Any CPU
		Release|Any CPU = Release|Any CPU
	EndGlobalSection
	GlobalSection(ProjectConfigurationPlatforms) = postSolution
		{33CF5653-52C1-4F1C-90E4-0CF30EBDFE5E}.Debug|Any CPU.ActiveCfg = Debug|Any CPU
		{33CF5653-52C1-4F1C-90E4-0CF30EBDFE5E}.Debug|Any CPU.Build.0 = Debug|Any CPU
		{33CF5653-52C1-4F1C-90E4-0CF30EBDFE5E}.Release|Any CPU.ActiveCfg = Release|Any CPU
		{33CF5653-52C1-4F1C-90E4-0CF30EBDFE5E}.Release|Any CPU.Build.0 = Release|Any CPU
	EndGlobalSection
	GlobalSection(SolutionProperties) = preSolution
		HideSolutionNode = FALSE
	EndGlobalSection
	GlobalSection(ExtensibilityGlobals) = postSolution
		SolutionGuid = {F703F695-C4A5-4A72-AB8D-700230EEE4F8}
	EndGlobalSection
EndGlobal
